
Microsoft Visual Studio Solution File, Format Version 12.00
# Visual Studio Version 16
VisualStudioVersion = 16.0.30523.141
MinimumVisualStudioVersion = 10.0.40219.1
Project("{FAE04EC0-301F-11D3-BF4B-00C04F79EFBC}") = "Display_TAG_Search", "Display_TAG_Search.csproj", "{0C772E96-A623-458A-98B1-92DE1964DC2A}"
EndProject
Project("{FAE04EC0-301F-11D3-BF4B-00C04F79EFBC}") = "Biblioteca", "..\Biblioteca\Biblioteca.csproj", "{4EA6A64B-4EE3-4986-A866-4C9B5BE031D6}"
EndProject
Global
	GlobalSection(SolutionConfigurationPlatforms) = preSolution
		Debug|Any CPU = Debug|Any CPU
		Release|Any CPU = Release|Any CPU
	EndGlobalSection
	GlobalSection(ProjectConfigurationPlatforms) = postSolution
		{0C772E96-A623-458A-98B1-92DE1964DC2A}.Debug|Any CPU.ActiveCfg = Debug|Any CPU
		{0C772E96-A623-458A-98B1-92DE1964DC2A}.Debug|Any CPU.Build.0 = Debug|Any CPU
		{0C772E96-A623-458A-98B1-92DE1964DC2A}.Release|Any CPU.ActiveCfg = Release|Any CPU
		{0C772E96-A623-458A-98B1-92DE1964DC2A}.Release|Any CPU.Build.0 = Release|Any CPU
		{4EA6A64B-4EE3-4986-A866-4C9B5BE031D6}.Debug|Any CPU.ActiveCfg = Debug|Any CPU
		{4EA6A64B-4EE3-4986-A866-4C9B5BE031D6}.Debug|Any CPU.Build.0 = Debug|Any CPU
		{4EA6A64B-4EE3-4986-A866-4C9B5BE031D6}.Release|Any CPU.ActiveCfg = Release|Any CPU
		{4EA6A64B-4EE3-4986-A866-4C9B5BE031D6}.Release|Any CPU.Build.0 = Release|Any CPU
	EndGlobalSection
	GlobalSection(SolutionProperties) = preSolution
		HideSolutionNode = FALSE
	EndGlobalSection
	GlobalSection(ExtensibilityGlobals) = postSolution
		SolutionGuid = {1CF7FFD0-867F-41F8-8473-DA22A09696B3}
	EndGlobalSection
EndGlobal
